
Microsoft Visual Studio Solution File, Format Version 12.00
# Visual Studio Version 17
VisualStudioVersion = 17.7.34202.233
MinimumVisualStudioVersion = 10.0.40219.1
Project("{FAE04EC0-301F-11D3-BF4B-00C04F79EFBC}") = "Cofi", "Cofi.csproj", "{47EAD74F-6288-4032-8257-771399DD9EAB}"
EndProject
Global
	GlobalSection(SolutionConfigurationPlatforms) = preSolution
		Debug|Any CPU = Debug|Any CPU
		Release|Any CPU = Release|Any CPU
	EndGlobalSection
	GlobalSection(ProjectConfigurationPlatforms) = postSolution
		{47EAD74F-6288-4032-8257-771399DD9EAB}.Debug|Any CPU.ActiveCfg = Debug|Any CPU
		{47EAD74F-6288-4032-8257-771399DD9EAB}.Debug|Any CPU.Build.0 = Debug|Any CPU
		{47EAD74F-6288-4032-8257-771399DD9EAB}.Release|Any CPU.ActiveCfg = Release|Any CPU
		{47EAD74F-6288-4032-8257-771399DD9EAB}.Release|Any CPU.Build.0 = Release|Any CPU
	EndGlobalSection
	GlobalSection(SolutionProperties) = preSolution
		HideSolutionNode = FALSE
	EndGlobalSection
	GlobalSection(ExtensibilityGlobals) = postSolution
		SolutionGuid = {61F25E6F-FB6A-4FF5-9C6D-602757739C3F}
	EndGlobalSection
EndGlobal
